
Microsoft Visual Studio Solution File, Format Version 12.00
# Visual Studio Version 16
VisualStudioVersion = 16.0.29409.12
MinimumVisualStudioVersion = 10.0.40219.1
Project("{9A19103F-16F7-4668-BE54-9A1E7A4F7556}") = "Depot.Business", "src\Depot.Business\Depot.Business.csproj", "{022B5941-A1D8-44FB-8E31-E311471ECE10}"
EndProject
Project("{9A19103F-16F7-4668-BE54-9A1E7A4F7556}") = "Depot.Data", "src\Depot.Data\Depot.Data.csproj", "{40773F4D-40D8-4307-9032-3D7D9C5391E2}"
EndProject
Project("{9A19103F-16F7-4668-BE54-9A1E7A4F7556}") = "Depot.App", "src\Depot.App\Depot.App.csproj", "{F766CCE8-7E46-47AC-B6ED-475338C173AB}"
EndProject
Global
	GlobalSection(SolutionConfigurationPlatforms) = preSolution
		Debug|Any CPU = Debug|Any CPU
		Release|Any CPU = Release|Any CPU
	EndGlobalSection
	GlobalSection(ProjectConfigurationPlatforms) = postSolution
		{022B5941-A1D8-44FB-8E31-E311471ECE10}.Debug|Any CPU.ActiveCfg = Debug|Any CPU
		{022B5941-A1D8-44FB-8E31-E311471ECE10}.Debug|Any CPU.Build.0 = Debug|Any CPU
		{022B5941-A1D8-44FB-8E31-E311471ECE10}.Release|Any CPU.ActiveCfg = Release|Any CPU
		{022B5941-A1D8-44FB-8E31-E311471ECE10}.Release|Any CPU.Build.0 = Release|Any CPU
		{40773F4D-40D8-4307-9032-3D7D9C5391E2}.Debug|Any CPU.ActiveCfg = Debug|Any CPU
		{40773F4D-40D8-4307-9032-3D7D9C5391E2}.Debug|Any CPU.Build.0 = Debug|Any CPU
		{40773F4D-40D8-4307-9032-3D7D9C5391E2}.Release|Any CPU.ActiveCfg = Release|Any CPU
		{40773F4D-40D8-4307-9032-3D7D9C5391E2}.Release|Any CPU.Build.0 = Release|Any CPU
		{F766CCE8-7E46-47AC-B6ED-475338C173AB}.Debug|Any CPU.ActiveCfg = Debug|Any CPU
		{F766CCE8-7E46-47AC-B6ED-475338C173AB}.Debug|Any CPU.Build.0 = Debug|Any CPU
		{F766CCE8-7E46-47AC-B6ED-475338C173AB}.Release|Any CPU.ActiveCfg = Release|Any CPU
		{F766CCE8-7E46-47AC-B6ED-475338C173AB}.Release|Any CPU.Build.0 = Release|Any CPU
	EndGlobalSection
	GlobalSection(SolutionProperties) = preSolution
		HideSolutionNode = FALSE
	EndGlobalSection
	GlobalSection(ExtensibilityGlobals) = postSolution
		SolutionGuid = {B7061F7B-C66A-4DC6-AB27-EF51574B2A41}
	EndGlobalSection
EndGlobal
